
Microsoft Visual Studio Solution File, Format Version 12.00
# Visual Studio 15
VisualStudioVersion = 15.0.28307.539
MinimumVisualStudioVersion = 10.0.40219.1
Project("{9A19103F-16F7-4668-BE54-9A1E7A4F7556}") = "TimeseriesAPI", "Host\TimeseriesAPI.csproj", "{00214E67-304E-438A-B6AC-58FF7ED66FDB}"
EndProject
Project("{9A19103F-16F7-4668-BE54-9A1E7A4F7556}") = "UnitTests", "UnitTests\UnitTests.csproj", "{D7002BB1-F3EE-4BD8-A166-EEF8DC1FA71B}"
EndProject
Global
	GlobalSection(SolutionConfigurationPlatforms) = preSolution
		Debug|Any CPU = Debug|Any CPU
		Release|Any CPU = Release|Any CPU
	EndGlobalSection
	GlobalSection(ProjectConfigurationPlatforms) = postSolution
		{00214E67-304E-438A-B6AC-58FF7ED66FDB}.Debug|Any CPU.ActiveCfg = Debug|Any CPU
		{00214E67-304E-438A-B6AC-58FF7ED66FDB}.Debug|Any CPU.Build.0 = Debug|Any CPU
		{00214E67-304E-438A-B6AC-58FF7ED66FDB}.Release|Any CPU.ActiveCfg = Release|Any CPU
		{00214E67-304E-438A-B6AC-58FF7ED66FDB}.Release|Any CPU.Build.0 = Release|Any CPU
		{D7002BB1-F3EE-4BD8-A166-EEF8DC1FA71B}.Debug|Any CPU.ActiveCfg = Debug|Any CPU
		{D7002BB1-F3EE-4BD8-A166-EEF8DC1FA71B}.Debug|Any CPU.Build.0 = Debug|Any CPU
		{D7002BB1-F3EE-4BD8-A166-EEF8DC1FA71B}.Release|Any CPU.ActiveCfg = Release|Any CPU
		{D7002BB1-F3EE-4BD8-A166-EEF8DC1FA71B}.Release|Any CPU.Build.0 = Release|Any CPU
	EndGlobalSection
	GlobalSection(SolutionProperties) = preSolution
		HideSolutionNode = FALSE
	EndGlobalSection
	GlobalSection(ExtensibilityGlobals) = postSolution
		SolutionGuid = {097A80FC-87AC-4D17-BACF-18AD3F21DC83}
	EndGlobalSection
EndGlobal
