
Microsoft Visual Studio Solution File, Format Version 12.00
# Visual Studio 15
VisualStudioVersion = 15.0.28307.539
MinimumVisualStudioVersion = 10.0.40219.1
Project("{9A19103F-16F7-4668-BE54-9A1E7A4F7556}") = "Host", "Host\Host.csproj", "{00214E67-304E-438A-B6AC-58FF7ED66FDB}"
EndProject
Project("{FAE04EC0-301F-11D3-BF4B-00C04F79EFBC}") = "Engine", "Engine\Engine.csproj", "{2CB95043-E762-4FAA-B3A7-2DD6F8AFBDFB}"
EndProject
Project("{FAE04EC0-301F-11D3-BF4B-00C04F79EFBC}") = "Repository", "Repository\Repository.csproj", "{B67A62A6-4B57-4144-A2EB-5F9085E27FE6}"
EndProject
Global
	GlobalSection(SolutionConfigurationPlatforms) = preSolution
		Debug|Any CPU = Debug|Any CPU
		Release|Any CPU = Release|Any CPU
	EndGlobalSection
	GlobalSection(ProjectConfigurationPlatforms) = postSolution
		{00214E67-304E-438A-B6AC-58FF7ED66FDB}.Debug|Any CPU.ActiveCfg = Debug|Any CPU
		{00214E67-304E-438A-B6AC-58FF7ED66FDB}.Debug|Any CPU.Build.0 = Debug|Any CPU
		{00214E67-304E-438A-B6AC-58FF7ED66FDB}.Release|Any CPU.ActiveCfg = Release|Any CPU
		{00214E67-304E-438A-B6AC-58FF7ED66FDB}.Release|Any CPU.Build.0 = Release|Any CPU
		{2CB95043-E762-4FAA-B3A7-2DD6F8AFBDFB}.Debug|Any CPU.ActiveCfg = Debug|Any CPU
		{2CB95043-E762-4FAA-B3A7-2DD6F8AFBDFB}.Debug|Any CPU.Build.0 = Debug|Any CPU
		{2CB95043-E762-4FAA-B3A7-2DD6F8AFBDFB}.Release|Any CPU.ActiveCfg = Release|Any CPU
		{2CB95043-E762-4FAA-B3A7-2DD6F8AFBDFB}.Release|Any CPU.Build.0 = Release|Any CPU
		{B67A62A6-4B57-4144-A2EB-5F9085E27FE6}.Debug|Any CPU.ActiveCfg = Debug|Any CPU
		{B67A62A6-4B57-4144-A2EB-5F9085E27FE6}.Debug|Any CPU.Build.0 = Debug|Any CPU
		{B67A62A6-4B57-4144-A2EB-5F9085E27FE6}.Release|Any CPU.ActiveCfg = Release|Any CPU
		{B67A62A6-4B57-4144-A2EB-5F9085E27FE6}.Release|Any CPU.Build.0 = Release|Any CPU
	EndGlobalSection
	GlobalSection(SolutionProperties) = preSolution
		HideSolutionNode = FALSE
	EndGlobalSection
	GlobalSection(ExtensibilityGlobals) = postSolution
		SolutionGuid = {097A80FC-87AC-4D17-BACF-18AD3F21DC83}
	EndGlobalSection
EndGlobal
